// !$*UTF8*$!
{
	archiveVersion = 1;
	classes = {
	};
	objectVersion = 46;
	objects = {

/* Begin PBXBuildFile section */
		2421CB8A50B94B9396E97083 /* libPods.a in Frameworks */ = {isa = PBXBuildFile; fileRef = E9E16D92E4A04E48A75B0766 /* libPods.a */; };
		2C73CF78173BF0520070238F /* UIKit.framework in Frameworks */ = {isa = PBXBuildFile; fileRef = 2C73CF77173BF0520070238F /* UIKit.framework */; };
		2C73CF7A173BF0520070238F /* Foundation.framework in Frameworks */ = {isa = PBXBuildFile; fileRef = 2C73CF79173BF0520070238F /* Foundation.framework */; };
		2C73CF7C173BF0520070238F /* CoreGraphics.framework in Frameworks */ = {isa = PBXBuildFile; fileRef = 2C73CF7B173BF0520070238F /* CoreGraphics.framework */; };
		2C73CF82173BF0520070238F /* InfoPlist.strings in Resources */ = {isa = PBXBuildFile; fileRef = 2C73CF80173BF0520070238F /* InfoPlist.strings */; };
		2C73CF84173BF0520070238F /* main.m in Sources */ = {isa = PBXBuildFile; fileRef = 2C73CF83173BF0520070238F /* main.m */; };
		2C73CF88173BF0520070238F /* STAppDelegate.m in Sources */ = {isa = PBXBuildFile; fileRef = 2C73CF87173BF0520070238F /* STAppDelegate.m */; };
		2C73CF8A173BF0520070238F /* Default.png in Resources */ = {isa = PBXBuildFile; fileRef = 2C73CF89173BF0520070238F /* Default.png */; };
		2C73CF8C173BF0520070238F /* Default@2x.png in Resources */ = {isa = PBXBuildFile; fileRef = 2C73CF8B173BF0520070238F /* Default@2x.png */; };
		2C73CF8E173BF0520070238F /* Default-568h@2x.png in Resources */ = {isa = PBXBuildFile; fileRef = 2C73CF8D173BF0520070238F /* Default-568h@2x.png */; };
		2C73CF91173BF0520070238F /* MainStoryboard_iPhone.storyboard in Resources */ = {isa = PBXBuildFile; fileRef = 2C73CF8F173BF0520070238F /* MainStoryboard_iPhone.storyboard */; };
		2C73CF9F173BF0520070238F /* SenTestingKit.framework in Frameworks */ = {isa = PBXBuildFile; fileRef = 2C73CF9E173BF0520070238F /* SenTestingKit.framework */; };
		2C73CFA0173BF0520070238F /* UIKit.framework in Frameworks */ = {isa = PBXBuildFile; fileRef = 2C73CF77173BF0520070238F /* UIKit.framework */; };
		2C73CFA1173BF0520070238F /* Foundation.framework in Frameworks */ = {isa = PBXBuildFile; fileRef = 2C73CF79173BF0520070238F /* Foundation.framework */; };
		2C73CFA9173BF0520070238F /* InfoPlist.strings in Resources */ = {isa = PBXBuildFile; fileRef = 2C73CFA7173BF0520070238F /* InfoPlist.strings */; };
		2C73CFAC173BF0520070238F /* HippoTrackerTests.m in Sources */ = {isa = PBXBuildFile; fileRef = 2C73CFAB173BF0520070238F /* HippoTrackerTests.m */; };
		2C73CFBC173BF0C60070238F /* STSessionManager.m in Sources */ = {isa = PBXBuildFile; fileRef = 2C73CFB7173BF0C60070238F /* STSessionManager.m */; };
		2C73CFBD173BF0C60070238F /* STSessionManager.m in Sources */ = {isa = PBXBuildFile; fileRef = 2C73CFB7173BF0C60070238F /* STSessionManager.m */; };
		2C73CFBE173BF0C60070238F /* STSession.m in Sources */ = {isa = PBXBuildFile; fileRef = 2C73CFB9173BF0C60070238F /* STSession.m */; };
		2C73CFBF173BF0C60070238F /* STSession.m in Sources */ = {isa = PBXBuildFile; fileRef = 2C73CFB9173BF0C60070238F /* STSession.m */; };
		2C73CFC0173BF0C60070238F /* STManagedDocument.m in Sources */ = {isa = PBXBuildFile; fileRef = 2C73CFBB173BF0C60070238F /* STManagedDocument.m */; };
		2C73CFC1173BF0C60070238F /* STManagedDocument.m in Sources */ = {isa = PBXBuildFile; fileRef = 2C73CFBB173BF0C60070238F /* STManagedDocument.m */; };
		2C73CFC7173BF14D0070238F /* STSyncer.m in Sources */ = {isa = PBXBuildFile; fileRef = 2C73CFC6173BF14D0070238F /* STSyncer.m */; };
		2C73CFCA173BF19C0070238F /* STAuthBasic.m in Sources */ = {isa = PBXBuildFile; fileRef = 2C73CFC9173BF19C0070238F /* STAuthBasic.m */; };
		2C73CFD1173BF1ED0070238F /* STTracker.m in Sources */ = {isa = PBXBuildFile; fileRef = 2C73CFCC173BF1EC0070238F /* STTracker.m */; };
		2C73CFD2173BF1ED0070238F /* STHTLapTracker.m in Sources */ = {isa = PBXBuildFile; fileRef = 2C73CFCE173BF1EC0070238F /* STHTLapTracker.m */; };
		2C73CFD6173BF23B0070238F /* STHTDataModel.xcdatamodel in Sources */ = {isa = PBXBuildFile; fileRef = 2C73CFD5173BF23B0070238F /* STHTDataModel.xcdatamodel */; };
		2C73D009173BF3DE0070238F /* STHTSettingsController.m in Sources */ = {isa = PBXBuildFile; fileRef = 2C73D008173BF3DE0070238F /* STHTSettingsController.m */; };
		2C73D00C173BF5780070238F /* STLogger.m in Sources */ = {isa = PBXBuildFile; fileRef = 2C73D00B173BF5780070238F /* STLogger.m */; };
		2C73D00F173BF5E30070238F /* STHTLogMessage+dayAsString.m in Sources */ = {isa = PBXBuildFile; fileRef = 2C73D00E173BF5E30070238F /* STHTLogMessage+dayAsString.m */; };
		2C73D014173BF78F0070238F /* CoreData.framework in Frameworks */ = {isa = PBXBuildFile; fileRef = 2C73D013173BF78E0070238F /* CoreData.framework */; };
		2C73D016173BF7950070238F /* CoreLocation.framework in Frameworks */ = {isa = PBXBuildFile; fileRef = 2C73D015173BF7940070238F /* CoreLocation.framework */; };
		2C73D018173BF79A0070238F /* MapKit.framework in Frameworks */ = {isa = PBXBuildFile; fileRef = 2C73D017173BF79A0070238F /* MapKit.framework */; };
		2C73D01A173BF84F0070238F /* QuartzCore.framework in Frameworks */ = {isa = PBXBuildFile; fileRef = 2C73D019173BF84F0070238F /* QuartzCore.framework */; };
		2C73D01B173BF8CB0070238F /* STAuthBasic.m in Sources */ = {isa = PBXBuildFile; fileRef = 2C73CFC9173BF19C0070238F /* STAuthBasic.m */; };
		2C73D01C173BF8CE0070238F /* STSyncer.m in Sources */ = {isa = PBXBuildFile; fileRef = 2C73CFC6173BF14D0070238F /* STSyncer.m */; };
		2C73D01D173BF8D00070238F /* STHTSettingsController.m in Sources */ = {isa = PBXBuildFile; fileRef = 2C73D008173BF3DE0070238F /* STHTSettingsController.m */; };
		2C73D01E173BF8D20070238F /* STHTLapTracker.m in Sources */ = {isa = PBXBuildFile; fileRef = 2C73CFCE173BF1EC0070238F /* STHTLapTracker.m */; };
		2C73D01F173BF9650070238F /* STTracker.m in Sources */ = {isa = PBXBuildFile; fileRef = 2C73CFCC173BF1EC0070238F /* STTracker.m */; };
		2C73D03D173D0C840070238F /* STHTDatum+Init.m in Sources */ = {isa = PBXBuildFile; fileRef = 2C73D03C173D0C840070238F /* STHTDatum+Init.m */; };
		2C749DE3174110F8005B7844 /* STHTLogMessage.m in Sources */ = {isa = PBXBuildFile; fileRef = 2C749DE2174110F8005B7844 /* STHTLogMessage.m */; };
		2C749DE6174110F8005B7844 /* STHTDatum.m in Sources */ = {isa = PBXBuildFile; fileRef = 2C749DE5174110F8005B7844 /* STHTDatum.m */; };
		2C749DE9174110F8005B7844 /* STHTLocation.m in Sources */ = {isa = PBXBuildFile; fileRef = 2C749DE8174110F8005B7844 /* STHTLocation.m */; };
		2C749DEF174110F8005B7844 /* STHTLap.m in Sources */ = {isa = PBXBuildFile; fileRef = 2C749DEE174110F8005B7844 /* STHTLap.m */; };
		2C749DF2174110F9005B7844 /* STHTSettings.m in Sources */ = {isa = PBXBuildFile; fileRef = 2C749DF1174110F9005B7844 /* STHTSettings.m */; };
		2C749DF517420787005B7844 /* STHTMainViewController.m in Sources */ = {isa = PBXBuildFile; fileRef = 2C749DF417420787005B7844 /* STHTMainViewController.m */; };
		2C749DF817426881005B7844 /* STHTHundred.m in Sources */ = {isa = PBXBuildFile; fileRef = 2C749DF717426881005B7844 /* STHTHundred.m */; };
		2C749DFB17426D59005B7844 /* STHTHippodrome.m in Sources */ = {isa = PBXBuildFile; fileRef = 2C749DFA17426D59005B7844 /* STHTHippodrome.m */; };
/* End PBXBuildFile section */

/* Begin PBXContainerItemProxy section */
		2C73CFA2173BF0520070238F /* PBXContainerItemProxy */ = {
			isa = PBXContainerItemProxy;
			containerPortal = 2C73CF6C173BF0520070238F /* Project object */;
			proxyType = 1;
			remoteGlobalIDString = 2C73CF73173BF0520070238F;
			remoteInfo = HippoTracker;
		};
/* End PBXContainerItemProxy section */

/* Begin PBXFileReference section */
		2C73CF74173BF0520070238F /* HippoTracker.app */ = {isa = PBXFileReference; explicitFileType = wrapper.application; includeInIndex = 0; path = HippoTracker.app; sourceTree = BUILT_PRODUCTS_DIR; };
		2C73CF77173BF0520070238F /* UIKit.framework */ = {isa = PBXFileReference; lastKnownFileType = wrapper.framework; name = UIKit.framework; path = System/Library/Frameworks/UIKit.framework; sourceTree = SDKROOT; };
		2C73CF79173BF0520070238F /* Foundation.framework */ = {isa = PBXFileReference; lastKnownFileType = wrapper.framework; name = Foundation.framework; path = System/Library/Frameworks/Foundation.framework; sourceTree = SDKROOT; };
		2C73CF7B173BF0520070238F /* CoreGraphics.framework */ = {isa = PBXFileReference; lastKnownFileType = wrapper.framework; name = CoreGraphics.framework; path = System/Library/Frameworks/CoreGraphics.framework; sourceTree = SDKROOT; };
		2C73CF7F173BF0520070238F /* HippoTracker-Info.plist */ = {isa = PBXFileReference; lastKnownFileType = text.plist.xml; path = "HippoTracker-Info.plist"; sourceTree = "<group>"; };
		2C73CF81173BF0520070238F /* en */ = {isa = PBXFileReference; lastKnownFileType = text.plist.strings; name = en; path = en.lproj/InfoPlist.strings; sourceTree = "<group>"; };
		2C73CF83173BF0520070238F /* main.m */ = {isa = PBXFileReference; lastKnownFileType = sourcecode.c.objc; path = main.m; sourceTree = "<group>"; };
		2C73CF85173BF0520070238F /* HippoTracker-Prefix.pch */ = {isa = PBXFileReference; lastKnownFileType = sourcecode.c.h; path = "HippoTracker-Prefix.pch"; sourceTree = "<group>"; };
		2C73CF86173BF0520070238F /* STAppDelegate.h */ = {isa = PBXFileReference; lastKnownFileType = sourcecode.c.h; path = STAppDelegate.h; sourceTree = "<group>"; };
		2C73CF87173BF0520070238F /* STAppDelegate.m */ = {isa = PBXFileReference; lastKnownFileType = sourcecode.c.objc; path = STAppDelegate.m; sourceTree = "<group>"; };
		2C73CF89173BF0520070238F /* Default.png */ = {isa = PBXFileReference; lastKnownFileType = image.png; path = Default.png; sourceTree = "<group>"; };
		2C73CF8B173BF0520070238F /* Default@2x.png */ = {isa = PBXFileReference; lastKnownFileType = image.png; path = "Default@2x.png"; sourceTree = "<group>"; };
		2C73CF8D173BF0520070238F /* Default-568h@2x.png */ = {isa = PBXFileReference; lastKnownFileType = image.png; path = "Default-568h@2x.png"; sourceTree = "<group>"; };
		2C73CF90173BF0520070238F /* en */ = {isa = PBXFileReference; lastKnownFileType = file.storyboard; name = en; path = en.lproj/MainStoryboard_iPhone.storyboard; sourceTree = "<group>"; };
		2C73CF9D173BF0520070238F /* HippoTrackerTests.octest */ = {isa = PBXFileReference; explicitFileType = wrapper.cfbundle; includeInIndex = 0; path = HippoTrackerTests.octest; sourceTree = BUILT_PRODUCTS_DIR; };
		2C73CF9E173BF0520070238F /* SenTestingKit.framework */ = {isa = PBXFileReference; lastKnownFileType = wrapper.framework; name = SenTestingKit.framework; path = Library/Frameworks/SenTestingKit.framework; sourceTree = DEVELOPER_DIR; };
		2C73CFA6173BF0520070238F /* HippoTrackerTests-Info.plist */ = {isa = PBXFileReference; lastKnownFileType = text.plist.xml; path = "HippoTrackerTests-Info.plist"; sourceTree = "<group>"; };
		2C73CFA8173BF0520070238F /* en */ = {isa = PBXFileReference; lastKnownFileType = text.plist.strings; name = en; path = en.lproj/InfoPlist.strings; sourceTree = "<group>"; };
		2C73CFAA173BF0520070238F /* HippoTrackerTests.h */ = {isa = PBXFileReference; lastKnownFileType = sourcecode.c.h; path = HippoTrackerTests.h; sourceTree = "<group>"; };
		2C73CFAB173BF0520070238F /* HippoTrackerTests.m */ = {isa = PBXFileReference; lastKnownFileType = sourcecode.c.objc; path = HippoTrackerTests.m; sourceTree = "<group>"; };
		2C73CFB6173BF0C60070238F /* STSessionManager.h */ = {isa = PBXFileReference; fileEncoding = 4; lastKnownFileType = sourcecode.c.h; path = STSessionManager.h; sourceTree = "<group>"; };
		2C73CFB7173BF0C60070238F /* STSessionManager.m */ = {isa = PBXFileReference; fileEncoding = 4; lastKnownFileType = sourcecode.c.objc; path = STSessionManager.m; sourceTree = "<group>"; };
		2C73CFB8173BF0C60070238F /* STSession.h */ = {isa = PBXFileReference; fileEncoding = 4; lastKnownFileType = sourcecode.c.h; path = STSession.h; sourceTree = "<group>"; };
		2C73CFB9173BF0C60070238F /* STSession.m */ = {isa = PBXFileReference; fileEncoding = 4; lastKnownFileType = sourcecode.c.objc; path = STSession.m; sourceTree = "<group>"; };
		2C73CFBA173BF0C60070238F /* STManagedDocument.h */ = {isa = PBXFileReference; fileEncoding = 4; lastKnownFileType = sourcecode.c.h; path = STManagedDocument.h; sourceTree = "<group>"; };
		2C73CFBB173BF0C60070238F /* STManagedDocument.m */ = {isa = PBXFileReference; fileEncoding = 4; lastKnownFileType = sourcecode.c.objc; path = STManagedDocument.m; sourceTree = "<group>"; };
		2C73CFC3173BF0EB0070238F /* STSessionManagement.h */ = {isa = PBXFileReference; fileEncoding = 4; lastKnownFileType = sourcecode.c.h; path = STSessionManagement.h; sourceTree = "<group>"; };
		2C73CFC4173BF12B0070238F /* STRequestAuthenticatable.h */ = {isa = PBXFileReference; fileEncoding = 4; lastKnownFileType = sourcecode.c.h; path = STRequestAuthenticatable.h; sourceTree = "<group>"; };
		2C73CFC5173BF14D0070238F /* STSyncer.h */ = {isa = PBXFileReference; fileEncoding = 4; lastKnownFileType = sourcecode.c.h; path = STSyncer.h; sourceTree = "<group>"; };
		2C73CFC6173BF14D0070238F /* STSyncer.m */ = {isa = PBXFileReference; fileEncoding = 4; lastKnownFileType = sourcecode.c.objc; path = STSyncer.m; sourceTree = "<group>"; };
		2C73CFC8173BF19C0070238F /* STAuthBasic.h */ = {isa = PBXFileReference; fileEncoding = 4; lastKnownFileType = sourcecode.c.h; path = STAuthBasic.h; sourceTree = "<group>"; };
		2C73CFC9173BF19C0070238F /* STAuthBasic.m */ = {isa = PBXFileReference; fileEncoding = 4; lastKnownFileType = sourcecode.c.objc; path = STAuthBasic.m; sourceTree = "<group>"; };
		2C73CFCB173BF1EC0070238F /* STTracker.h */ = {isa = PBXFileReference; fileEncoding = 4; lastKnownFileType = sourcecode.c.h; path = STTracker.h; sourceTree = "<group>"; };
		2C73CFCC173BF1EC0070238F /* STTracker.m */ = {isa = PBXFileReference; fileEncoding = 4; lastKnownFileType = sourcecode.c.objc; path = STTracker.m; sourceTree = "<group>"; };
		2C73CFCD173BF1EC0070238F /* STHTLapTracker.h */ = {isa = PBXFileReference; fileEncoding = 4; lastKnownFileType = sourcecode.c.h; path = STHTLapTracker.h; sourceTree = "<group>"; };
		2C73CFCE173BF1EC0070238F /* STHTLapTracker.m */ = {isa = PBXFileReference; fileEncoding = 4; lastKnownFileType = sourcecode.c.objc; path = STHTLapTracker.m; sourceTree = "<group>"; };
		2C73CFD5173BF23B0070238F /* STHTDataModel.xcdatamodel */ = {isa = PBXFileReference; lastKnownFileType = wrapper.xcdatamodel; path = STHTDataModel.xcdatamodel; sourceTree = "<group>"; };
		2C73D007173BF3DE0070238F /* STHTSettingsController.h */ = {isa = PBXFileReference; fileEncoding = 4; lastKnownFileType = sourcecode.c.h; path = STHTSettingsController.h; sourceTree = "<group>"; };
		2C73D008173BF3DE0070238F /* STHTSettingsController.m */ = {isa = PBXFileReference; fileEncoding = 4; lastKnownFileType = sourcecode.c.objc; path = STHTSettingsController.m; sourceTree = "<group>"; };
		2C73D00A173BF5780070238F /* STLogger.h */ = {isa = PBXFileReference; fileEncoding = 4; lastKnownFileType = sourcecode.c.h; path = STLogger.h; sourceTree = "<group>"; };
		2C73D00B173BF5780070238F /* STLogger.m */ = {isa = PBXFileReference; fileEncoding = 4; lastKnownFileType = sourcecode.c.objc; path = STLogger.m; sourceTree = "<group>"; };
		2C73D00D173BF5E30070238F /* STHTLogMessage+dayAsString.h */ = {isa = PBXFileReference; fileEncoding = 4; lastKnownFileType = sourcecode.c.h; path = "STHTLogMessage+dayAsString.h"; sourceTree = "<group>"; };
		2C73D00E173BF5E30070238F /* STHTLogMessage+dayAsString.m */ = {isa = PBXFileReference; fileEncoding = 4; lastKnownFileType = sourcecode.c.objc; path = "STHTLogMessage+dayAsString.m"; sourceTree = "<group>"; };
		2C73D013173BF78E0070238F /* CoreData.framework */ = {isa = PBXFileReference; lastKnownFileType = wrapper.framework; name = CoreData.framework; path = System/Library/Frameworks/CoreData.framework; sourceTree = SDKROOT; };
		2C73D015173BF7940070238F /* CoreLocation.framework */ = {isa = PBXFileReference; lastKnownFileType = wrapper.framework; name = CoreLocation.framework; path = System/Library/Frameworks/CoreLocation.framework; sourceTree = SDKROOT; };
		2C73D017173BF79A0070238F /* MapKit.framework */ = {isa = PBXFileReference; lastKnownFileType = wrapper.framework; name = MapKit.framework; path = System/Library/Frameworks/MapKit.framework; sourceTree = SDKROOT; };
		2C73D019173BF84F0070238F /* QuartzCore.framework */ = {isa = PBXFileReference; lastKnownFileType = wrapper.framework; name = QuartzCore.framework; path = System/Library/Frameworks/QuartzCore.framework; sourceTree = SDKROOT; };
		2C73D03B173D0C840070238F /* STHTDatum+Init.h */ = {isa = PBXFileReference; fileEncoding = 4; lastKnownFileType = sourcecode.c.h; path = "STHTDatum+Init.h"; sourceTree = "<group>"; };
		2C73D03C173D0C840070238F /* STHTDatum+Init.m */ = {isa = PBXFileReference; fileEncoding = 4; lastKnownFileType = sourcecode.c.objc; path = "STHTDatum+Init.m"; sourceTree = "<group>"; };
		2C749DE1174110F8005B7844 /* STHTLogMessage.h */ = {isa = PBXFileReference; fileEncoding = 4; lastKnownFileType = sourcecode.c.h; path = STHTLogMessage.h; sourceTree = "<group>"; };
		2C749DE2174110F8005B7844 /* STHTLogMessage.m */ = {isa = PBXFileReference; fileEncoding = 4; lastKnownFileType = sourcecode.c.objc; path = STHTLogMessage.m; sourceTree = "<group>"; };
		2C749DE4174110F8005B7844 /* STHTDatum.h */ = {isa = PBXFileReference; fileEncoding = 4; lastKnownFileType = sourcecode.c.h; path = STHTDatum.h; sourceTree = "<group>"; };
		2C749DE5174110F8005B7844 /* STHTDatum.m */ = {isa = PBXFileReference; fileEncoding = 4; lastKnownFileType = sourcecode.c.objc; path = STHTDatum.m; sourceTree = "<group>"; };
		2C749DE7174110F8005B7844 /* STHTLocation.h */ = {isa = PBXFileReference; fileEncoding = 4; lastKnownFileType = sourcecode.c.h; path = STHTLocation.h; sourceTree = "<group>"; };
		2C749DE8174110F8005B7844 /* STHTLocation.m */ = {isa = PBXFileReference; fileEncoding = 4; lastKnownFileType = sourcecode.c.objc; path = STHTLocation.m; sourceTree = "<group>"; };
		2C749DED174110F8005B7844 /* STHTLap.h */ = {isa = PBXFileReference; fileEncoding = 4; lastKnownFileType = sourcecode.c.h; path = STHTLap.h; sourceTree = "<group>"; };
		2C749DEE174110F8005B7844 /* STHTLap.m */ = {isa = PBXFileReference; fileEncoding = 4; lastKnownFileType = sourcecode.c.objc; path = STHTLap.m; sourceTree = "<group>"; };
		2C749DF0174110F9005B7844 /* STHTSettings.h */ = {isa = PBXFileReference; fileEncoding = 4; lastKnownFileType = sourcecode.c.h; path = STHTSettings.h; sourceTree = "<group>"; };
		2C749DF1174110F9005B7844 /* STHTSettings.m */ = {isa = PBXFileReference; fileEncoding = 4; lastKnownFileType = sourcecode.c.objc; path = STHTSettings.m; sourceTree = "<group>"; };
		2C749DF317420786005B7844 /* STHTMainViewController.h */ = {isa = PBXFileReference; fileEncoding = 4; lastKnownFileType = sourcecode.c.h; path = STHTMainViewController.h; sourceTree = "<group>"; };
		2C749DF417420787005B7844 /* STHTMainViewController.m */ = {isa = PBXFileReference; fileEncoding = 4; lastKnownFileType = sourcecode.c.objc; path = STHTMainViewController.m; sourceTree = "<group>"; };
		2C749DF617426881005B7844 /* STHTHundred.h */ = {isa = PBXFileReference; fileEncoding = 4; lastKnownFileType = sourcecode.c.h; path = STHTHundred.h; sourceTree = "<group>"; };
		2C749DF717426881005B7844 /* STHTHundred.m */ = {isa = PBXFileReference; fileEncoding = 4; lastKnownFileType = sourcecode.c.objc; path = STHTHundred.m; sourceTree = "<group>"; };
		2C749DF917426D59005B7844 /* STHTHippodrome.h */ = {isa = PBXFileReference; fileEncoding = 4; lastKnownFileType = sourcecode.c.h; path = STHTHippodrome.h; sourceTree = "<group>"; };
		2C749DFA17426D59005B7844 /* STHTHippodrome.m */ = {isa = PBXFileReference; fileEncoding = 4; lastKnownFileType = sourcecode.c.objc; path = STHTHippodrome.m; sourceTree = "<group>"; };
		574EC16DB59B4674974FC33C /* Pods.xcconfig */ = {isa = PBXFileReference; includeInIndex = 1; lastKnownFileType = text.xcconfig; name = Pods.xcconfig; path = Pods/Pods.xcconfig; sourceTree = SOURCE_ROOT; };
		E9E16D92E4A04E48A75B0766 /* libPods.a */ = {isa = PBXFileReference; explicitFileType = archive.ar; includeInIndex = 0; path = libPods.a; sourceTree = BUILT_PRODUCTS_DIR; };
/* End PBXFileReference section */

/* Begin PBXFrameworksBuildPhase section */
		2C73CF71173BF0520070238F /* Frameworks */ = {
			isa = PBXFrameworksBuildPhase;
			buildActionMask = 2147483647;
			files = (
				2C73D01A173BF84F0070238F /* QuartzCore.framework in Frameworks */,
				2C73D018173BF79A0070238F /* MapKit.framework in Frameworks */,
				2C73D016173BF7950070238F /* CoreLocation.framework in Frameworks */,
				2C73D014173BF78F0070238F /* CoreData.framework in Frameworks */,
				2C73CF78173BF0520070238F /* UIKit.framework in Frameworks */,
				2C73CF7A173BF0520070238F /* Foundation.framework in Frameworks */,
				2C73CF7C173BF0520070238F /* CoreGraphics.framework in Frameworks */,
				2421CB8A50B94B9396E97083 /* libPods.a in Frameworks */,
			);
			runOnlyForDeploymentPostprocessing = 0;
		};
		2C73CF99173BF0520070238F /* Frameworks */ = {
			isa = PBXFrameworksBuildPhase;
			buildActionMask = 2147483647;
			files = (
				2C73CF9F173BF0520070238F /* SenTestingKit.framework in Frameworks */,
				2C73CFA0173BF0520070238F /* UIKit.framework in Frameworks */,
				2C73CFA1173BF0520070238F /* Foundation.framework in Frameworks */,
			);
			runOnlyForDeploymentPostprocessing = 0;
		};
/* End PBXFrameworksBuildPhase section */

/* Begin PBXGroup section */
		2C73CF6B173BF0520070238F = {
			isa = PBXGroup;
			children = (
				2C73CF7D173BF0520070238F /* HippoTracker */,
				2C73CFA4173BF0520070238F /* HippoTrackerTests */,
				2C73CF76173BF0520070238F /* Frameworks */,
				2C73CF75173BF0520070238F /* Products */,
				574EC16DB59B4674974FC33C /* Pods.xcconfig */,
			);
			sourceTree = "<group>";
		};
		2C73CF75173BF0520070238F /* Products */ = {
			isa = PBXGroup;
			children = (
				2C73CF74173BF0520070238F /* HippoTracker.app */,
				2C73CF9D173BF0520070238F /* HippoTrackerTests.octest */,
			);
			name = Products;
			sourceTree = "<group>";
		};
		2C73CF76173BF0520070238F /* Frameworks */ = {
			isa = PBXGroup;
			children = (
				2C73D019173BF84F0070238F /* QuartzCore.framework */,
				2C73D017173BF79A0070238F /* MapKit.framework */,
				2C73D015173BF7940070238F /* CoreLocation.framework */,
				2C73D013173BF78E0070238F /* CoreData.framework */,
				2C73CF77173BF0520070238F /* UIKit.framework */,
				2C73CF79173BF0520070238F /* Foundation.framework */,
				2C73CF7B173BF0520070238F /* CoreGraphics.framework */,
				2C73CF9E173BF0520070238F /* SenTestingKit.framework */,
				E9E16D92E4A04E48A75B0766 /* libPods.a */,
			);
			name = Frameworks;
			sourceTree = "<group>";
		};
		2C73CF7D173BF0520070238F /* HippoTracker */ = {
			isa = PBXGroup;
			children = (
				2C73CFD4173BF2190070238F /* DataModel */,
				2C73CFC2173BF0D70070238F /* Protocols */,
				2C73CFB5173BF0870070238F /* Classes */,
				2C73CF86173BF0520070238F /* STAppDelegate.h */,
				2C73CF87173BF0520070238F /* STAppDelegate.m */,
				2C73CF8F173BF0520070238F /* MainStoryboard_iPhone.storyboard */,
				2C73CF7E173BF0520070238F /* Supporting Files */,
			);
			path = HippoTracker;
			sourceTree = "<group>";
		};
		2C73CF7E173BF0520070238F /* Supporting Files */ = {
			isa = PBXGroup;
			children = (
				2C73CF7F173BF0520070238F /* HippoTracker-Info.plist */,
				2C73CF80173BF0520070238F /* InfoPlist.strings */,
				2C73CF83173BF0520070238F /* main.m */,
				2C73CF85173BF0520070238F /* HippoTracker-Prefix.pch */,
				2C73CF89173BF0520070238F /* Default.png */,
				2C73CF8B173BF0520070238F /* Default@2x.png */,
				2C73CF8D173BF0520070238F /* Default-568h@2x.png */,
			);
			name = "Supporting Files";
			sourceTree = "<group>";
		};
		2C73CFA4173BF0520070238F /* HippoTrackerTests */ = {
			isa = PBXGroup;
			children = (
				2C73CFAA173BF0520070238F /* HippoTrackerTests.h */,
				2C73CFAB173BF0520070238F /* HippoTrackerTests.m */,
				2C73CFA5173BF0520070238F /* Supporting Files */,
			);
			path = HippoTrackerTests;
			sourceTree = "<group>";
		};
		2C73CFA5173BF0520070238F /* Supporting Files */ = {
			isa = PBXGroup;
			children = (
				2C73CFA6173BF0520070238F /* HippoTrackerTests-Info.plist */,
				2C73CFA7173BF0520070238F /* InfoPlist.strings */,
			);
			name = "Supporting Files";
			sourceTree = "<group>";
		};
		2C73CFB5173BF0870070238F /* Classes */ = {
			isa = PBXGroup;
			children = (
				2C73CFC8173BF19C0070238F /* STAuthBasic.h */,
				2C73CFC9173BF19C0070238F /* STAuthBasic.m */,
				2C73CFB6173BF0C60070238F /* STSessionManager.h */,
				2C73CFB7173BF0C60070238F /* STSessionManager.m */,
				2C73CFB8173BF0C60070238F /* STSession.h */,
				2C73CFB9173BF0C60070238F /* STSession.m */,
				2C73CFBA173BF0C60070238F /* STManagedDocument.h */,
				2C73CFBB173BF0C60070238F /* STManagedDocument.m */,
				2C73D007173BF3DE0070238F /* STHTSettingsController.h */,
				2C73D008173BF3DE0070238F /* STHTSettingsController.m */,
				2C73CFC5173BF14D0070238F /* STSyncer.h */,
				2C73CFC6173BF14D0070238F /* STSyncer.m */,
				2C73D00A173BF5780070238F /* STLogger.h */,
				2C73D00B173BF5780070238F /* STLogger.m */,
				2C73CFCB173BF1EC0070238F /* STTracker.h */,
				2C73CFCC173BF1EC0070238F /* STTracker.m */,
				2C73CFCD173BF1EC0070238F /* STHTLapTracker.h */,
				2C73CFCE173BF1EC0070238F /* STHTLapTracker.m */,
				2C749DF317420786005B7844 /* STHTMainViewController.h */,
				2C749DF417420787005B7844 /* STHTMainViewController.m */,
			);
			path = Classes;
			sourceTree = "<group>";
		};
		2C73CFC2173BF0D70070238F /* Protocols */ = {
			isa = PBXGroup;
			children = (
				2C73CFC4173BF12B0070238F /* STRequestAuthenticatable.h */,
				2C73CFC3173BF0EB0070238F /* STSessionManagement.h */,
			);
			path = Protocols;
			sourceTree = "<group>";
		};
		2C73CFD4173BF2190070238F /* DataModel */ = {
			isa = PBXGroup;
			children = (
				2C749DF917426D59005B7844 /* STHTHippodrome.h */,
				2C749DFA17426D59005B7844 /* STHTHippodrome.m */,
				2C73CFD5173BF23B0070238F /* STHTDataModel.xcdatamodel */,
				2C749DF0174110F9005B7844 /* STHTSettings.h */,
				2C749DF1174110F9005B7844 /* STHTSettings.m */,
				2C749DED174110F8005B7844 /* STHTLap.h */,
				2C749DEE174110F8005B7844 /* STHTLap.m */,
				2C749DF617426881005B7844 /* STHTHundred.h */,
				2C749DF717426881005B7844 /* STHTHundred.m */,
				2C749DE7174110F8005B7844 /* STHTLocation.h */,
				2C749DE8174110F8005B7844 /* STHTLocation.m */,
				2C749DE4174110F8005B7844 /* STHTDatum.h */,
				2C749DE5174110F8005B7844 /* STHTDatum.m */,
				2C749DE1174110F8005B7844 /* STHTLogMessage.h */,
				2C749DE2174110F8005B7844 /* STHTLogMessage.m */,
				2C73D03B173D0C840070238F /* STHTDatum+Init.h */,
				2C73D03C173D0C840070238F /* STHTDatum+Init.m */,
				2C73D00D173BF5E30070238F /* STHTLogMessage+dayAsString.h */,
				2C73D00E173BF5E30070238F /* STHTLogMessage+dayAsString.m */,
			);
			path = DataModel;
			sourceTree = "<group>";
		};
/* End PBXGroup section */

/* Begin PBXNativeTarget section */
		2C73CF73173BF0520070238F /* HippoTracker */ = {
			isa = PBXNativeTarget;
			buildConfigurationList = 2C73CFAF173BF0520070238F /* Build configuration list for PBXNativeTarget "HippoTracker" */;
			buildPhases = (
				844AA736F9FB4A5DA21A0167 /* Check Pods Manifest.lock */,
				2C73CF70173BF0520070238F /* Sources */,
				2C73CF71173BF0520070238F /* Frameworks */,
				2C73CF72173BF0520070238F /* Resources */,
				E8F017A1B78F41E3A034112B /* Copy Pods Resources */,
			);
			buildRules = (
			);
			dependencies = (
			);
			name = HippoTracker;
			productName = HippoTracker;
			productReference = 2C73CF74173BF0520070238F /* HippoTracker.app */;
			productType = "com.apple.product-type.application";
		};
		2C73CF9C173BF0520070238F /* HippoTrackerTests */ = {
			isa = PBXNativeTarget;
			buildConfigurationList = 2C73CFB2173BF0520070238F /* Build configuration list for PBXNativeTarget "HippoTrackerTests" */;
			buildPhases = (
				2C73CF98173BF0520070238F /* Sources */,
				2C73CF99173BF0520070238F /* Frameworks */,
				2C73CF9A173BF0520070238F /* Resources */,
				2C73CF9B173BF0520070238F /* ShellScript */,
			);
			buildRules = (
			);
			dependencies = (
				2C73CFA3173BF0520070238F /* PBXTargetDependency */,
			);
			name = HippoTrackerTests;
			productName = HippoTrackerTests;
			productReference = 2C73CF9D173BF0520070238F /* HippoTrackerTests.octest */;
			productType = "com.apple.product-type.bundle";
		};
/* End PBXNativeTarget section */

/* Begin PBXProject section */
		2C73CF6C173BF0520070238F /* Project object */ = {
			isa = PBXProject;
			attributes = {
				CLASSPREFIX = ST;
				LastUpgradeCheck = 0460;
				ORGANIZATIONNAME = "Maxim Grigoriev";
			};
			buildConfigurationList = 2C73CF6F173BF0520070238F /* Build configuration list for PBXProject "HippoTracker" */;
			compatibilityVersion = "Xcode 3.2";
			developmentRegion = English;
			hasScannedForEncodings = 0;
			knownRegions = (
				en,
			);
			mainGroup = 2C73CF6B173BF0520070238F;
			productRefGroup = 2C73CF75173BF0520070238F /* Products */;
			projectDirPath = "";
			projectRoot = "";
			targets = (
				2C73CF73173BF0520070238F /* HippoTracker */,
				2C73CF9C173BF0520070238F /* HippoTrackerTests */,
			);
		};
/* End PBXProject section */

/* Begin PBXResourcesBuildPhase section */
		2C73CF72173BF0520070238F /* Resources */ = {
			isa = PBXResourcesBuildPhase;
			buildActionMask = 2147483647;
			files = (
				2C73CF82173BF0520070238F /* InfoPlist.strings in Resources */,
				2C73CF8A173BF0520070238F /* Default.png in Resources */,
				2C73CF8C173BF0520070238F /* Default@2x.png in Resources */,
				2C73CF8E173BF0520070238F /* Default-568h@2x.png in Resources */,
				2C73CF91173BF0520070238F /* MainStoryboard_iPhone.storyboard in Resources */,
			);
			runOnlyForDeploymentPostprocessing = 0;
		};
		2C73CF9A173BF0520070238F /* Resources */ = {
			isa = PBXResourcesBuildPhase;
			buildActionMask = 2147483647;
			files = (
				2C73CFA9173BF0520070238F /* InfoPlist.strings in Resources */,
			);
			runOnlyForDeploymentPostprocessing = 0;
		};
/* End PBXResourcesBuildPhase section */

/* Begin PBXShellScriptBuildPhase section */
		2C73CF9B173BF0520070238F /* ShellScript */ = {
			isa = PBXShellScriptBuildPhase;
			buildActionMask = 2147483647;
			files = (
			);
			inputPaths = (
			);
			outputPaths = (
			);
			runOnlyForDeploymentPostprocessing = 0;
			shellPath = /bin/sh;
			shellScript = "# Run the unit tests in this test bundle.\n\"${SYSTEM_DEVELOPER_DIR}/Tools/RunUnitTests\"\n";
		};
		844AA736F9FB4A5DA21A0167 /* Check Pods Manifest.lock */ = {
			isa = PBXShellScriptBuildPhase;
			buildActionMask = 2147483647;
			files = (
			);
			inputPaths = (
			);
			name = "Check Pods Manifest.lock";
			outputPaths = (
			);
			runOnlyForDeploymentPostprocessing = 0;
			shellPath = /bin/sh;
			shellScript = "diff \"${PODS_ROOT}/../Podfile.lock\" \"${PODS_ROOT}/Manifest.lock\" > /dev/null\nif [[ $? != 0 ]] ; then\n    cat << EOM\nerror: The sanbox is not in sync with the Podfile.lock. Run 'pod install'.\nEOM\n    exit 1\nfi\n";
		};
		E8F017A1B78F41E3A034112B /* Copy Pods Resources */ = {
			isa = PBXShellScriptBuildPhase;
			buildActionMask = 2147483647;
			files = (
			);
			inputPaths = (
			);
			name = "Copy Pods Resources";
			outputPaths = (
			);
			runOnlyForDeploymentPostprocessing = 0;
			shellPath = /bin/sh;
			shellScript = "\"${SRCROOT}/Pods/Pods-resources.sh\"\n";
		};
/* End PBXShellScriptBuildPhase section */

/* Begin PBXSourcesBuildPhase section */
		2C73CF70173BF0520070238F /* Sources */ = {
			isa = PBXSourcesBuildPhase;
			buildActionMask = 2147483647;
			files = (
				2C73CF84173BF0520070238F /* main.m in Sources */,
				2C73CF88173BF0520070238F /* STAppDelegate.m in Sources */,
				2C73CFBC173BF0C60070238F /* STSessionManager.m in Sources */,
				2C73CFBE173BF0C60070238F /* STSession.m in Sources */,
				2C73CFC0173BF0C60070238F /* STManagedDocument.m in Sources */,
				2C73CFD6173BF23B0070238F /* STHTDataModel.xcdatamodel in Sources */,
				2C73D01B173BF8CB0070238F /* STAuthBasic.m in Sources */,
				2C73D01C173BF8CE0070238F /* STSyncer.m in Sources */,
				2C73D01F173BF9650070238F /* STTracker.m in Sources */,
				2C73D01D173BF8D00070238F /* STHTSettingsController.m in Sources */,
				2C73D01E173BF8D20070238F /* STHTLapTracker.m in Sources */,
				2C73D00C173BF5780070238F /* STLogger.m in Sources */,
				2C73D00F173BF5E30070238F /* STHTLogMessage+dayAsString.m in Sources */,
				2C73D03D173D0C840070238F /* STHTDatum+Init.m in Sources */,
				2C749DE3174110F8005B7844 /* STHTLogMessage.m in Sources */,
				2C749DE6174110F8005B7844 /* STHTDatum.m in Sources */,
				2C749DE9174110F8005B7844 /* STHTLocation.m in Sources */,
				2C749DEF174110F8005B7844 /* STHTLap.m in Sources */,
				2C749DF2174110F9005B7844 /* STHTSettings.m in Sources */,
				2C749DF517420787005B7844 /* STHTMainViewController.m in Sources */,
				2C749DF817426881005B7844 /* STHTHundred.m in Sources */,
				2C749DFB17426D59005B7844 /* STHTHippodrome.m in Sources */,
			);
			runOnlyForDeploymentPostprocessing = 0;
		};
		2C73CF98173BF0520070238F /* Sources */ = {
			isa = PBXSourcesBuildPhase;
			buildActionMask = 2147483647;
			files = (
				2C73CFAC173BF0520070238F /* HippoTrackerTests.m in Sources */,
				2C73CFBD173BF0C60070238F /* STSessionManager.m in Sources */,
				2C73CFBF173BF0C60070238F /* STSession.m in Sources */,
				2C73CFC1173BF0C60070238F /* STManagedDocument.m in Sources */,
				2C73CFC7173BF14D0070238F /* STSyncer.m in Sources */,
				2C73CFCA173BF19C0070238F /* STAuthBasic.m in Sources */,
				2C73CFD1173BF1ED0070238F /* STTracker.m in Sources */,
				2C73CFD2173BF1ED0070238F /* STHTLapTracker.m in Sources */,
				2C73D009173BF3DE0070238F /* STHTSettingsController.m in Sources */,
			);
			runOnlyForDeploymentPostprocessing = 0;
		};
/* End PBXSourcesBuildPhase section */

/* Begin PBXTargetDependency section */
		2C73CFA3173BF0520070238F /* PBXTargetDependency */ = {
			isa = PBXTargetDependency;
			target = 2C73CF73173BF0520070238F /* HippoTracker */;
			targetProxy = 2C73CFA2173BF0520070238F /* PBXContainerItemProxy */;
		};
/* End PBXTargetDependency section */

/* Begin PBXVariantGroup section */
		2C73CF80173BF0520070238F /* InfoPlist.strings */ = {
			isa = PBXVariantGroup;
			children = (
				2C73CF81173BF0520070238F /* en */,
			);
			name = InfoPlist.strings;
			sourceTree = "<group>";
		};
		2C73CF8F173BF0520070238F /* MainStoryboard_iPhone.storyboard */ = {
			isa = PBXVariantGroup;
			children = (
				2C73CF90173BF0520070238F /* en */,
			);
			name = MainStoryboard_iPhone.storyboard;
			sourceTree = "<group>";
		};
		2C73CFA7173BF0520070238F /* InfoPlist.strings */ = {
			isa = PBXVariantGroup;
			children = (
				2C73CFA8173BF0520070238F /* en */,
			);
			name = InfoPlist.strings;
			sourceTree = "<group>";
		};
/* End PBXVariantGroup section */

/* Begin XCBuildConfiguration section */
		2C73CFAD173BF0520070238F /* Debug */ = {
			isa = XCBuildConfiguration;
			buildSettings = {
				ALWAYS_SEARCH_USER_PATHS = NO;
				CLANG_CXX_LANGUAGE_STANDARD = "gnu++0x";
				CLANG_CXX_LIBRARY = "libc++";
				CLANG_ENABLE_OBJC_ARC = YES;
				CLANG_WARN_CONSTANT_CONVERSION = YES;
				CLANG_WARN_EMPTY_BODY = YES;
				CLANG_WARN_ENUM_CONVERSION = YES;
				CLANG_WARN_INT_CONVERSION = YES;
				CLANG_WARN__DUPLICATE_METHOD_MATCH = YES;
				"CODE_SIGN_IDENTITY[sdk=iphoneos*]" = "iPhone Developer";
				COPY_PHASE_STRIP = NO;
				GCC_C_LANGUAGE_STANDARD = gnu99;
				GCC_DYNAMIC_NO_PIC = NO;
				GCC_OPTIMIZATION_LEVEL = 0;
				GCC_PREPROCESSOR_DEFINITIONS = (
					"DEBUG=1",
					"$(inherited)",
				);
				GCC_SYMBOLS_PRIVATE_EXTERN = NO;
				GCC_WARN_ABOUT_RETURN_TYPE = YES;
				GCC_WARN_UNINITIALIZED_AUTOS = YES;
				GCC_WARN_UNUSED_VARIABLE = YES;
				IPHONEOS_DEPLOYMENT_TARGET = 6.1;
				ONLY_ACTIVE_ARCH = YES;
				SDKROOT = iphoneos;
				TARGETED_DEVICE_FAMILY = "1,2";
			};
			name = Debug;
		};
		2C73CFAE173BF0520070238F /* Release */ = {
			isa = XCBuildConfiguration;
			buildSettings = {
				ALWAYS_SEARCH_USER_PATHS = NO;
				CLANG_CXX_LANGUAGE_STANDARD = "gnu++0x";
				CLANG_CXX_LIBRARY = "libc++";
				CLANG_ENABLE_OBJC_ARC = YES;
				CLANG_WARN_CONSTANT_CONVERSION = YES;
				CLANG_WARN_EMPTY_BODY = YES;
				CLANG_WARN_ENUM_CONVERSION = YES;
				CLANG_WARN_INT_CONVERSION = YES;
				CLANG_WARN__DUPLICATE_METHOD_MATCH = YES;
				"CODE_SIGN_IDENTITY[sdk=iphoneos*]" = "iPhone Developer";
				COPY_PHASE_STRIP = YES;
				GCC_C_LANGUAGE_STANDARD = gnu99;
				GCC_WARN_ABOUT_RETURN_TYPE = YES;
				GCC_WARN_UNINITIALIZED_AUTOS = YES;
				GCC_WARN_UNUSED_VARIABLE = YES;
				IPHONEOS_DEPLOYMENT_TARGET = 6.1;
				OTHER_CFLAGS = "-DNS_BLOCK_ASSERTIONS=1";
				SDKROOT = iphoneos;
				TARGETED_DEVICE_FAMILY = "1,2";
				VALIDATE_PRODUCT = YES;
			};
			name = Release;
		};
		2C73CFB0173BF0520070238F /* Debug */ = {
			isa = XCBuildConfiguration;
			baseConfigurationReference = 574EC16DB59B4674974FC33C /* Pods.xcconfig */;
			buildSettings = {
				GCC_PRECOMPILE_PREFIX_HEADER = YES;
				GCC_PREFIX_HEADER = "HippoTracker/HippoTracker-Prefix.pch";
				INFOPLIST_FILE = "HippoTracker/HippoTracker-Info.plist";
				PRODUCT_NAME = "$(TARGET_NAME)";
				TARGETED_DEVICE_FAMILY = 1;
				WRAPPER_EXTENSION = app;
			};
			name = Debug;
		};
		2C73CFB1173BF0520070238F /* Release */ = {
			isa = XCBuildConfiguration;
			baseConfigurationReference = 574EC16DB59B4674974FC33C /* Pods.xcconfig */;
			buildSettings = {
				GCC_PRECOMPILE_PREFIX_HEADER = YES;
				GCC_PREFIX_HEADER = "HippoTracker/HippoTracker-Prefix.pch";
				INFOPLIST_FILE = "HippoTracker/HippoTracker-Info.plist";
				PRODUCT_NAME = "$(TARGET_NAME)";
				TARGETED_DEVICE_FAMILY = 1;
				WRAPPER_EXTENSION = app;
			};
			name = Release;
		};
		2C73CFB3173BF0520070238F /* Debug */ = {
			isa = XCBuildConfiguration;
			buildSettings = {
				BUNDLE_LOADER = "$(BUILT_PRODUCTS_DIR)/HippoTracker.app/HippoTracker";
				FRAMEWORK_SEARCH_PATHS = (
					"\"$(SDKROOT)/Developer/Library/Frameworks\"",
					"\"$(DEVELOPER_LIBRARY_DIR)/Frameworks\"",
				);
				GCC_PRECOMPILE_PREFIX_HEADER = YES;
				GCC_PREFIX_HEADER = "HippoTracker/HippoTracker-Prefix.pch";
				INFOPLIST_FILE = "HippoTrackerTests/HippoTrackerTests-Info.plist";
				PRODUCT_NAME = "$(TARGET_NAME)";
				TEST_HOST = "$(BUNDLE_LOADER)";
				WRAPPER_EXTENSION = octest;
			};
			name = Debug;
		};
		2C73CFB4173BF0520070238F /* Release */ = {
			isa = XCBuildConfiguration;
			buildSettings = {
				BUNDLE_LOADER = "$(BUILT_PRODUCTS_DIR)/HippoTracker.app/HippoTracker";
				FRAMEWORK_SEARCH_PATHS = (
					"\"$(SDKROOT)/Developer/Library/Frameworks\"",
					"\"$(DEVELOPER_LIBRARY_DIR)/Frameworks\"",
				);
				GCC_PRECOMPILE_PREFIX_HEADER = YES;
				GCC_PREFIX_HEADER = "HippoTracker/HippoTracker-Prefix.pch";
				INFOPLIST_FILE = "HippoTrackerTests/HippoTrackerTests-Info.plist";
				PRODUCT_NAME = "$(TARGET_NAME)";
				TEST_HOST = "$(BUNDLE_LOADER)";
				WRAPPER_EXTENSION = octest;
			};
			name = Release;
		};
/* End XCBuildConfiguration section */

/* Begin XCConfigurationList section */
		2C73CF6F173BF0520070238F /* Build configuration list for PBXProject "HippoTracker" */ = {
			isa = XCConfigurationList;
			buildConfigurations = (
				2C73CFAD173BF0520070238F /* Debug */,
				2C73CFAE173BF0520070238F /* Release */,
			);
			defaultConfigurationIsVisible = 0;
			defaultConfigurationName = Release;
		};
		2C73CFAF173BF0520070238F /* Build configuration list for PBXNativeTarget "HippoTracker" */ = {
			isa = XCConfigurationList;
			buildConfigurations = (
				2C73CFB0173BF0520070238F /* Debug */,
				2C73CFB1173BF0520070238F /* Release */,
			);
			defaultConfigurationIsVisible = 0;
			defaultConfigurationName = Release;
		};
		2C73CFB2173BF0520070238F /* Build configuration list for PBXNativeTarget "HippoTrackerTests" */ = {
			isa = XCConfigurationList;
			buildConfigurations = (
				2C73CFB3173BF0520070238F /* Debug */,
				2C73CFB4173BF0520070238F /* Release */,
			);
			defaultConfigurationIsVisible = 0;
			defaultConfigurationName = Release;
		};
/* End XCConfigurationList section */
	};
	rootObject = 2C73CF6C173BF0520070238F /* Project object */;
}
